
Microsoft Visual Studio Solution File, Format Version 12.00
# Visual Studio Version 17
VisualStudioVersion = 17.1.32120.378
MinimumVisualStudioVersion = 10.0.40219.1
Project("{9A19103F-16F7-4668-BE54-9A1E7A4F7556}") = "NoSearch.App", "src\NoSearch.App\NoSearch.App.csproj", "{C37BC2D3-B564-4345-AB56-A21655D0E4D2}"
EndProject
Project("{9A19103F-16F7-4668-BE54-9A1E7A4F7556}") = "NoSearch.Data", "src\NoSearch.Data\NoSearch.Data.csproj", "{6643F4A2-AF20-4268-8D18-FAECAFD02E88}"
EndProject
Project("{9A19103F-16F7-4668-BE54-9A1E7A4F7556}") = "NoSearch.Models", "src\NoSearch.Models\NoSearch.Models.csproj", "{F853C3E9-62F2-4F0D-88AB-366B918BC7DA}"
EndProject
Project("{FAE04EC0-301F-11D3-BF4B-00C04F79EFBC}") = "NoSearch.Tests", "test\NoSearch.Tests\NoSearch.Tests.csproj", "{30D54FA6-F4D5-443C-972C-937EAA6819D9}"
EndProject
Global
	GlobalSection(SolutionConfigurationPlatforms) = preSolution
		Debug|Any CPU = Debug|Any CPU
		Release|Any CPU = Release|Any CPU
	EndGlobalSection
	GlobalSection(ProjectConfigurationPlatforms) = postSolution
		{C37BC2D3-B564-4345-AB56-A21655D0E4D2}.Debug|Any CPU.ActiveCfg = Debug|Any CPU
		{C37BC2D3-B564-4345-AB56-A21655D0E4D2}.Debug|Any CPU.Build.0 = Debug|Any CPU
		{C37BC2D3-B564-4345-AB56-A21655D0E4D2}.Release|Any CPU.ActiveCfg = Release|Any CPU
		{C37BC2D3-B564-4345-AB56-A21655D0E4D2}.Release|Any CPU.Build.0 = Release|Any CPU
		{6643F4A2-AF20-4268-8D18-FAECAFD02E88}.Debug|Any CPU.ActiveCfg = Debug|Any CPU
		{6643F4A2-AF20-4268-8D18-FAECAFD02E88}.Debug|Any CPU.Build.0 = Debug|Any CPU
		{6643F4A2-AF20-4268-8D18-FAECAFD02E88}.Release|Any CPU.ActiveCfg = Release|Any CPU
		{6643F4A2-AF20-4268-8D18-FAECAFD02E88}.Release|Any CPU.Build.0 = Release|Any CPU
		{F853C3E9-62F2-4F0D-88AB-366B918BC7DA}.Debug|Any CPU.ActiveCfg = Debug|Any CPU
		{F853C3E9-62F2-4F0D-88AB-366B918BC7DA}.Debug|Any CPU.Build.0 = Debug|Any CPU
		{F853C3E9-62F2-4F0D-88AB-366B918BC7DA}.Release|Any CPU.ActiveCfg = Release|Any CPU
		{F853C3E9-62F2-4F0D-88AB-366B918BC7DA}.Release|Any CPU.Build.0 = Release|Any CPU
		{30D54FA6-F4D5-443C-972C-937EAA6819D9}.Debug|Any CPU.ActiveCfg = Debug|Any CPU
		{30D54FA6-F4D5-443C-972C-937EAA6819D9}.Debug|Any CPU.Build.0 = Debug|Any CPU
		{30D54FA6-F4D5-443C-972C-937EAA6819D9}.Release|Any CPU.ActiveCfg = Release|Any CPU
		{30D54FA6-F4D5-443C-972C-937EAA6819D9}.Release|Any CPU.Build.0 = Release|Any CPU
	EndGlobalSection
	GlobalSection(SolutionProperties) = preSolution
		HideSolutionNode = FALSE
	EndGlobalSection
	GlobalSection(ExtensibilityGlobals) = postSolution
		SolutionGuid = {20549745-2A11-4CA5-8737-ED2969E38C4C}
	EndGlobalSection
EndGlobal
